// !$*UTF8*$!
{
	archiveVersion = 1;
	classes = {
	};
	objectVersion = 55;
	objects = {

/* Begin PBXBuildFile section */
		B139658E280D7D4700606377 /* Alamofire in Frameworks */ = {isa = PBXBuildFile; productRef = B139658D280D7D4700606377 /* Alamofire */; };
		B191776E280D6BA300C80EB1 /* random_movie_pickerApp.swift in Sources */ = {isa = PBXBuildFile; fileRef = B191776D280D6BA300C80EB1 /* random_movie_pickerApp.swift */; };
		B1917770280D6BA300C80EB1 /* ContentView.swift in Sources */ = {isa = PBXBuildFile; fileRef = B191776F280D6BA300C80EB1 /* ContentView.swift */; };
		B1917772280D6BA400C80EB1 /* Assets.xcassets in Resources */ = {isa = PBXBuildFile; fileRef = B1917771280D6BA400C80EB1 /* Assets.xcassets */; };
		B1917775280D6BA400C80EB1 /* Preview Assets.xcassets in Resources */ = {isa = PBXBuildFile; fileRef = B1917774280D6BA400C80EB1 /* Preview Assets.xcassets */; };
		B191777F280D6BA400C80EB1 /* random_movie_pickerTests.swift in Sources */ = {isa = PBXBuildFile; fileRef = B191777E280D6BA400C80EB1 /* random_movie_pickerTests.swift */; };
		B1917789280D6BA400C80EB1 /* random_movie_pickerUITests.swift in Sources */ = {isa = PBXBuildFile; fileRef = B1917788280D6BA400C80EB1 /* random_movie_pickerUITests.swift */; };
		B191778B280D6BA400C80EB1 /* random_movie_pickerUITestsLaunchTests.swift in Sources */ = {isa = PBXBuildFile; fileRef = B191778A280D6BA400C80EB1 /* random_movie_pickerUITestsLaunchTests.swift */; };
		B1917798280D6C2900C80EB1 /* MovieView.swift in Sources */ = {isa = PBXBuildFile; fileRef = B1917797280D6C2900C80EB1 /* MovieView.swift */; };
/* End PBXBuildFile section */

/* Begin PBXContainerItemProxy section */
		B191777B280D6BA400C80EB1 /* PBXContainerItemProxy */ = {
			isa = PBXContainerItemProxy;
			containerPortal = B1917762280D6BA300C80EB1 /* Project object */;
			proxyType = 1;
			remoteGlobalIDString = B1917769280D6BA300C80EB1;
			remoteInfo = "random-movie-picker";
		};
		B1917785280D6BA400C80EB1 /* PBXContainerItemProxy */ = {
			isa = PBXContainerItemProxy;
			containerPortal = B1917762280D6BA300C80EB1 /* Project object */;
			proxyType = 1;
			remoteGlobalIDString = B1917769280D6BA300C80EB1;
			remoteInfo = "random-movie-picker";
		};
/* End PBXContainerItemProxy section */

/* Begin PBXFileReference section */
		B191776A280D6BA300C80EB1 /* random-movie-picker.app */ = {isa = PBXFileReference; explicitFileType = wrapper.application; includeInIndex = 0; path = "random-movie-picker.app"; sourceTree = BUILT_PRODUCTS_DIR; };
		B191776D280D6BA300C80EB1 /* random_movie_pickerApp.swift */ = {isa = PBXFileReference; lastKnownFileType = sourcecode.swift; path = random_movie_pickerApp.swift; sourceTree = "<group>"; };
		B191776F280D6BA300C80EB1 /* ContentView.swift */ = {isa = PBXFileReference; lastKnownFileType = sourcecode.swift; path = ContentView.swift; sourceTree = "<group>"; };
		B1917771280D6BA400C80EB1 /* Assets.xcassets */ = {isa = PBXFileReference; lastKnownFileType = folder.assetcatalog; path = Assets.xcassets; sourceTree = "<group>"; };
		B1917774280D6BA400C80EB1 /* Preview Assets.xcassets */ = {isa = PBXFileReference; lastKnownFileType = folder.assetcatalog; path = "Preview Assets.xcassets"; sourceTree = "<group>"; };
		B191777A280D6BA400C80EB1 /* random-movie-pickerTests.xctest */ = {isa = PBXFileReference; explicitFileType = wrapper.cfbundle; includeInIndex = 0; path = "random-movie-pickerTests.xctest"; sourceTree = BUILT_PRODUCTS_DIR; };
		B191777E280D6BA400C80EB1 /* random_movie_pickerTests.swift */ = {isa = PBXFileReference; lastKnownFileType = sourcecode.swift; path = random_movie_pickerTests.swift; sourceTree = "<group>"; };
		B1917784280D6BA400C80EB1 /* random-movie-pickerUITests.xctest */ = {isa = PBXFileReference; explicitFileType = wrapper.cfbundle; includeInIndex = 0; path = "random-movie-pickerUITests.xctest"; sourceTree = BUILT_PRODUCTS_DIR; };
		B1917788280D6BA400C80EB1 /* random_movie_pickerUITests.swift */ = {isa = PBXFileReference; lastKnownFileType = sourcecode.swift; path = random_movie_pickerUITests.swift; sourceTree = "<group>"; };
		B191778A280D6BA400C80EB1 /* random_movie_pickerUITestsLaunchTests.swift */ = {isa = PBXFileReference; lastKnownFileType = sourcecode.swift; path = random_movie_pickerUITestsLaunchTests.swift; sourceTree = "<group>"; };
		B1917797280D6C2900C80EB1 /* MovieView.swift */ = {isa = PBXFileReference; lastKnownFileType = sourcecode.swift; path = MovieView.swift; sourceTree = "<group>"; };
/* End PBXFileReference section */

/* Begin PBXFrameworksBuildPhase section */
		B1917767280D6BA300C80EB1 /* Frameworks */ = {
			isa = PBXFrameworksBuildPhase;
			buildActionMask = 2147483647;
			files = (
				B139658E280D7D4700606377 /* Alamofire in Frameworks */,
			);
			runOnlyForDeploymentPostprocessing = 0;
		};
		B1917777280D6BA400C80EB1 /* Frameworks */ = {
			isa = PBXFrameworksBuildPhase;
			buildActionMask = 2147483647;
			files = (
			);
			runOnlyForDeploymentPostprocessing = 0;
		};
		B1917781280D6BA400C80EB1 /* Frameworks */ = {
			isa = PBXFrameworksBuildPhase;
			buildActionMask = 2147483647;
			files = (
			);
			runOnlyForDeploymentPostprocessing = 0;
		};
/* End PBXFrameworksBuildPhase section */

/* Begin PBXGroup section */
		B1917761280D6BA300C80EB1 = {
			isa = PBXGroup;
			children = (
				B191776C280D6BA300C80EB1 /* random-movie-picker */,
				B191777D280D6BA400C80EB1 /* random-movie-pickerTests */,
				B1917787280D6BA400C80EB1 /* random-movie-pickerUITests */,
				B191776B280D6BA300C80EB1 /* Products */,
			);
			sourceTree = "<group>";
		};
		B191776B280D6BA300C80EB1 /* Products */ = {
			isa = PBXGroup;
			children = (
				B191776A280D6BA300C80EB1 /* random-movie-picker.app */,
				B191777A280D6BA400C80EB1 /* random-movie-pickerTests.xctest */,
				B1917784280D6BA400C80EB1 /* random-movie-pickerUITests.xctest */,
			);
			name = Products;
			sourceTree = "<group>";
		};
		B191776C280D6BA300C80EB1 /* random-movie-picker */ = {
			isa = PBXGroup;
			children = (
				B191776D280D6BA300C80EB1 /* random_movie_pickerApp.swift */,
				B191776F280D6BA300C80EB1 /* ContentView.swift */,
				B1917797280D6C2900C80EB1 /* MovieView.swift */,
				B1917771280D6BA400C80EB1 /* Assets.xcassets */,
				B1917773280D6BA400C80EB1 /* Preview Content */,
			);
			path = "random-movie-picker";
			sourceTree = "<group>";
		};
		B1917773280D6BA400C80EB1 /* Preview Content */ = {
			isa = PBXGroup;
			children = (
				B1917774280D6BA400C80EB1 /* Preview Assets.xcassets */,
			);
			path = "Preview Content";
			sourceTree = "<group>";
		};
		B191777D280D6BA400C80EB1 /* random-movie-pickerTests */ = {
			isa = PBXGroup;
			children = (
				B191777E280D6BA400C80EB1 /* random_movie_pickerTests.swift */,
			);
			path = "random-movie-pickerTests";
			sourceTree = "<group>";
		};
		B1917787280D6BA400C80EB1 /* random-movie-pickerUITests */ = {
			isa = PBXGroup;
			children = (
				B1917788280D6BA400C80EB1 /* random_movie_pickerUITests.swift */,
				B191778A280D6BA400C80EB1 /* random_movie_pickerUITestsLaunchTests.swift */,
			);
			path = "random-movie-pickerUITests";
			sourceTree = "<group>";
		};
/* End PBXGroup section */

/* Begin PBXNativeTarget section */
		B1917769280D6BA300C80EB1 /* random-movie-picker */ = {
			isa = PBXNativeTarget;
			buildConfigurationList = B191778E280D6BA400C80EB1 /* Build configuration list for PBXNativeTarget "random-movie-picker" */;
			buildPhases = (
				B1917766280D6BA300C80EB1 /* Sources */,
				B1917767280D6BA300C80EB1 /* Frameworks */,
				B1917768280D6BA300C80EB1 /* Resources */,
			);
			buildRules = (
			);
			dependencies = (
			);
			name = "random-movie-picker";
			packageProductDependencies = (
				B139658D280D7D4700606377 /* Alamofire */,
			);
			productName = "random-movie-picker";
			productReference = B191776A280D6BA300C80EB1 /* random-movie-picker.app */;
			productType = "com.apple.product-type.application";
		};
		B1917779280D6BA400C80EB1 /* random-movie-pickerTests */ = {
			isa = PBXNativeTarget;
			buildConfigurationList = B1917791280D6BA400C80EB1 /* Build configuration list for PBXNativeTarget "random-movie-pickerTests" */;
			buildPhases = (
				B1917776280D6BA400C80EB1 /* Sources */,
				B1917777280D6BA400C80EB1 /* Frameworks */,
				B1917778280D6BA400C80EB1 /* Resources */,
			);
			buildRules = (
			);
			dependencies = (
				B191777C280D6BA400C80EB1 /* PBXTargetDependency */,
			);
			name = "random-movie-pickerTests";
			productName = "random-movie-pickerTests";
			productReference = B191777A280D6BA400C80EB1 /* random-movie-pickerTests.xctest */;
			productType = "com.apple.product-type.bundle.unit-test";
		};
		B1917783280D6BA400C80EB1 /* random-movie-pickerUITests */ = {
			isa = PBXNativeTarget;
			buildConfigurationList = B1917794280D6BA400C80EB1 /* Build configuration list for PBXNativeTarget "random-movie-pickerUITests" */;
			buildPhases = (
				B1917780280D6BA400C80EB1 /* Sources */,
				B1917781280D6BA400C80EB1 /* Frameworks */,
				B1917782280D6BA400C80EB1 /* Resources */,
			);
			buildRules = (
			);
			dependencies = (
				B1917786280D6BA400C80EB1 /* PBXTargetDependency */,
			);
			name = "random-movie-pickerUITests";
			productName = "random-movie-pickerUITests";
			productReference = B1917784280D6BA400C80EB1 /* random-movie-pickerUITests.xctest */;
			productType = "com.apple.product-type.bundle.ui-testing";
		};
/* End PBXNativeTarget section */

/* Begin PBXProject section */
		B1917762280D6BA300C80EB1 /* Project object */ = {
			isa = PBXProject;
			attributes = {
				BuildIndependentTargetsInParallel = 1;
				LastSwiftUpdateCheck = 1330;
				LastUpgradeCheck = 1330;
				TargetAttributes = {
					B1917769280D6BA300C80EB1 = {
						CreatedOnToolsVersion = 13.3.1;
					};
					B1917779280D6BA400C80EB1 = {
						CreatedOnToolsVersion = 13.3.1;
						TestTargetID = B1917769280D6BA300C80EB1;
					};
					B1917783280D6BA400C80EB1 = {
						CreatedOnToolsVersion = 13.3.1;
						TestTargetID = B1917769280D6BA300C80EB1;
					};
				};
			};
			buildConfigurationList = B1917765280D6BA300C80EB1 /* Build configuration list for PBXProject "random-movie-picker" */;
			compatibilityVersion = "Xcode 13.0";
			developmentRegion = en;
			hasScannedForEncodings = 0;
			knownRegions = (
				en,
				Base,
			);
			mainGroup = B1917761280D6BA300C80EB1;
			packageReferences = (
				B139658C280D7D4700606377 /* XCRemoteSwiftPackageReference "Alamofire" */,
			);
			productRefGroup = B191776B280D6BA300C80EB1 /* Products */;
			projectDirPath = "";
			projectRoot = "";
			targets = (
				B1917769280D6BA300C80EB1 /* random-movie-picker */,
				B1917779280D6BA400C80EB1 /* random-movie-pickerTests */,
				B1917783280D6BA400C80EB1 /* random-movie-pickerUITests */,
			);
		};
/* End PBXProject section */

/* Begin PBXResourcesBuildPhase section */
		B1917768280D6BA300C80EB1 /* Resources */ = {
			isa = PBXResourcesBuildPhase;
			buildActionMask = 2147483647;
			files = (
				B1917775280D6BA400C80EB1 /* Preview Assets.xcassets in Resources */,
				B1917772280D6BA400C80EB1 /* Assets.xcassets in Resources */,
			);
			runOnlyForDeploymentPostprocessing = 0;
		};
		B1917778280D6BA400C80EB1 /* Resources */ = {
			isa = PBXResourcesBuildPhase;
			buildActionMask = 2147483647;
			files = (
			);
			runOnlyForDeploymentPostprocessing = 0;
		};
		B1917782280D6BA400C80EB1 /* Resources */ = {
			isa = PBXResourcesBuildPhase;
			buildActionMask = 2147483647;
			files = (
			);
			runOnlyForDeploymentPostprocessing = 0;
		};
/* End PBXResourcesBuildPhase section */

/* Begin PBXSourcesBuildPhase section */
		B1917766280D6BA300C80EB1 /* Sources */ = {
			isa = PBXSourcesBuildPhase;
			buildActionMask = 2147483647;
			files = (
				B1917770280D6BA300C80EB1 /* ContentView.swift in Sources */,
				B1917798280D6C2900C80EB1 /* MovieView.swift in Sources */,
				B191776E280D6BA300C80EB1 /* random_movie_pickerApp.swift in Sources */,
			);
			runOnlyForDeploymentPostprocessing = 0;
		};
		B1917776280D6BA400C80EB1 /* Sources */ = {
			isa = PBXSourcesBuildPhase;
			buildActionMask = 2147483647;
			files = (
				B191777F280D6BA400C80EB1 /* random_movie_pickerTests.swift in Sources */,
			);
			runOnlyForDeploymentPostprocessing = 0;
		};
		B1917780280D6BA400C80EB1 /* Sources */ = {
			isa = PBXSourcesBuildPhase;
			buildActionMask = 2147483647;
			files = (
				B191778B280D6BA400C80EB1 /* random_movie_pickerUITestsLaunchTests.swift in Sources */,
				B1917789280D6BA400C80EB1 /* random_movie_pickerUITests.swift in Sources */,
			);
			runOnlyForDeploymentPostprocessing = 0;
		};
/* End PBXSourcesBuildPhase section */

/* Begin PBXTargetDependency section */
		B191777C280D6BA400C80EB1 /* PBXTargetDependency */ = {
			isa = PBXTargetDependency;
			target = B1917769280D6BA300C80EB1 /* random-movie-picker */;
			targetProxy = B191777B280D6BA400C80EB1 /* PBXContainerItemProxy */;
		};
		B1917786280D6BA400C80EB1 /* PBXTargetDependency */ = {
			isa = PBXTargetDependency;
			target = B1917769280D6BA300C80EB1 /* random-movie-picker */;
			targetProxy = B1917785280D6BA400C80EB1 /* PBXContainerItemProxy */;
		};
/* End PBXTargetDependency section */

/* Begin XCBuildConfiguration section */
		B191778C280D6BA400C80EB1 /* Debug */ = {
			isa = XCBuildConfiguration;
			buildSettings = {
				ALWAYS_SEARCH_USER_PATHS = NO;
				CLANG_ANALYZER_NONNULL = YES;
				CLANG_ANALYZER_NUMBER_OBJECT_CONVERSION = YES_AGGRESSIVE;
				CLANG_CXX_LANGUAGE_STANDARD = "gnu++17";
				CLANG_ENABLE_MODULES = YES;
				CLANG_ENABLE_OBJC_ARC = YES;
				CLANG_ENABLE_OBJC_WEAK = YES;
				CLANG_WARN_BLOCK_CAPTURE_AUTORELEASING = YES;
				CLANG_WARN_BOOL_CONVERSION = YES;
				CLANG_WARN_COMMA = YES;
				CLANG_WARN_CONSTANT_CONVERSION = YES;
				CLANG_WARN_DEPRECATED_OBJC_IMPLEMENTATIONS = YES;
				CLANG_WARN_DIRECT_OBJC_ISA_USAGE = YES_ERROR;
				CLANG_WARN_DOCUMENTATION_COMMENTS = YES;
				CLANG_WARN_EMPTY_BODY = YES;
				CLANG_WARN_ENUM_CONVERSION = YES;
				CLANG_WARN_INFINITE_RECURSION = YES;
				CLANG_WARN_INT_CONVERSION = YES;
				CLANG_WARN_NON_LITERAL_NULL_CONVERSION = YES;
				CLANG_WARN_OBJC_IMPLICIT_RETAIN_SELF = YES;
				CLANG_WARN_OBJC_LITERAL_CONVERSION = YES;
				CLANG_WARN_OBJC_ROOT_CLASS = YES_ERROR;
				CLANG_WARN_QUOTED_INCLUDE_IN_FRAMEWORK_HEADER = YES;
				CLANG_WARN_RANGE_LOOP_ANALYSIS = YES;
				CLANG_WARN_STRICT_PROTOTYPES = YES;
				CLANG_WARN_SUSPICIOUS_MOVE = YES;
				CLANG_WARN_UNGUARDED_AVAILABILITY = YES_AGGRESSIVE;
				CLANG_WARN_UNREACHABLE_CODE = YES;
				CLANG_WARN__DUPLICATE_METHOD_MATCH = YES;
				COPY_PHASE_STRIP = NO;
				DEBUG_INFORMATION_FORMAT = dwarf;
				ENABLE_STRICT_OBJC_MSGSEND = YES;
				ENABLE_TESTABILITY = YES;
				GCC_C_LANGUAGE_STANDARD = gnu11;
				GCC_DYNAMIC_NO_PIC = NO;
				GCC_NO_COMMON_BLOCKS = YES;
				GCC_OPTIMIZATION_LEVEL = 0;
				GCC_PREPROCESSOR_DEFINITIONS = (
					"DEBUG=1",
					"$(inherited)",
				);
				GCC_WARN_64_TO_32_BIT_CONVERSION = YES;
				GCC_WARN_ABOUT_RETURN_TYPE = YES_ERROR;
				GCC_WARN_UNDECLARED_SELECTOR = YES;
				GCC_WARN_UNINITIALIZED_AUTOS = YES_AGGRESSIVE;
				GCC_WARN_UNUSED_FUNCTION = YES;
				GCC_WARN_UNUSED_VARIABLE = YES;
				IPHONEOS_DEPLOYMENT_TARGET = 15.3;
				MTL_ENABLE_DEBUG_INFO = INCLUDE_SOURCE;
				MTL_FAST_MATH = YES;
				ONLY_ACTIVE_ARCH = YES;
				SDKROOT = iphoneos;
				SWIFT_ACTIVE_COMPILATION_CONDITIONS = DEBUG;
				SWIFT_OPTIMIZATION_LEVEL = "-Onone";
			};
			name = Debug;
		};
		B191778D280D6BA400C80EB1 /* Release */ = {
			isa = XCBuildConfiguration;
			buildSettings = {
				ALWAYS_SEARCH_USER_PATHS = NO;
				CLANG_ANALYZER_NONNULL = YES;
				CLANG_ANALYZER_NUMBER_OBJECT_CONVERSION = YES_AGGRESSIVE;
				CLANG_CXX_LANGUAGE_STANDARD = "gnu++17";
				CLANG_ENABLE_MODULES = YES;
				CLANG_ENABLE_OBJC_ARC = YES;
				CLANG_ENABLE_OBJC_WEAK = YES;
				CLANG_WARN_BLOCK_CAPTURE_AUTORELEASING = YES;
				CLANG_WARN_BOOL_CONVERSION = YES;
				CLANG_WARN_COMMA = YES;
				CLANG_WARN_CONSTANT_CONVERSION = YES;
				CLANG_WARN_DEPRECATED_OBJC_IMPLEMENTATIONS = YES;
				CLANG_WARN_DIRECT_OBJC_ISA_USAGE = YES_ERROR;
				CLANG_WARN_DOCUMENTATION_COMMENTS = YES;
				CLANG_WARN_EMPTY_BODY = YES;
				CLANG_WARN_ENUM_CONVERSION = YES;
				CLANG_WARN_INFINITE_RECURSION = YES;
				CLANG_WARN_INT_CONVERSION = YES;
				CLANG_WARN_NON_LITERAL_NULL_CONVERSION = YES;
				CLANG_WARN_OBJC_IMPLICIT_RETAIN_SELF = YES;
				CLANG_WARN_OBJC_LITERAL_CONVERSION = YES;
				CLANG_WARN_OBJC_ROOT_CLASS = YES_ERROR;
				CLANG_WARN_QUOTED_INCLUDE_IN_FRAMEWORK_HEADER = YES;
				CLANG_WARN_RANGE_LOOP_ANALYSIS = YES;
				CLANG_WARN_STRICT_PROTOTYPES = YES;
				CLANG_WARN_SUSPICIOUS_MOVE = YES;
				CLANG_WARN_UNGUARDED_AVAILABILITY = YES_AGGRESSIVE;
				CLANG_WARN_UNREACHABLE_CODE = YES;
				CLANG_WARN__DUPLICATE_METHOD_MATCH = YES;
				COPY_PHASE_STRIP = NO;
				DEBUG_INFORMATION_FORMAT = "dwarf-with-dsym";
				ENABLE_NS_ASSERTIONS = NO;
				ENABLE_STRICT_OBJC_MSGSEND = YES;
				GCC_C_LANGUAGE_STANDARD = gnu11;
				GCC_NO_COMMON_BLOCKS = YES;
				GCC_WARN_64_TO_32_BIT_CONVERSION = YES;
				GCC_WARN_ABOUT_RETURN_TYPE = YES_ERROR;
				GCC_WARN_UNDECLARED_SELECTOR = YES;
				GCC_WARN_UNINITIALIZED_AUTOS = YES_AGGRESSIVE;
				GCC_WARN_UNUSED_FUNCTION = YES;
				GCC_WARN_UNUSED_VARIABLE = YES;
				IPHONEOS_DEPLOYMENT_TARGET = 15.3;
				MTL_ENABLE_DEBUG_INFO = NO;
				MTL_FAST_MATH = YES;
				SDKROOT = iphoneos;
				SWIFT_COMPILATION_MODE = wholemodule;
				SWIFT_OPTIMIZATION_LEVEL = "-O";
				VALIDATE_PRODUCT = YES;
			};
			name = Release;
		};
		B191778F280D6BA400C80EB1 /* Debug */ = {
			isa = XCBuildConfiguration;
			buildSettings = {
				ASSETCATALOG_COMPILER_APPICON_NAME = AppIcon;
				ASSETCATALOG_COMPILER_GLOBAL_ACCENT_COLOR_NAME = AccentColor;
				CODE_SIGN_STYLE = Automatic;
				CURRENT_PROJECT_VERSION = 1;
				DEVELOPMENT_ASSET_PATHS = "\"random-movie-picker/Preview Content\"";
				DEVELOPMENT_TEAM = M2DZ9Z64N6;
				ENABLE_PREVIEWS = YES;
				GENERATE_INFOPLIST_FILE = YES;
				INFOPLIST_KEY_UIApplicationSceneManifest_Generation = YES;
				INFOPLIST_KEY_UIApplicationSupportsIndirectInputEvents = YES;
				INFOPLIST_KEY_UILaunchScreen_Generation = YES;
				INFOPLIST_KEY_UISupportedInterfaceOrientations_iPad = "UIInterfaceOrientationPortrait UIInterfaceOrientationPortraitUpsideDown UIInterfaceOrientationLandscapeLeft UIInterfaceOrientationLandscapeRight";
				INFOPLIST_KEY_UISupportedInterfaceOrientations_iPhone = "UIInterfaceOrientationPortrait UIInterfaceOrientationLandscapeLeft UIInterfaceOrientationLandscapeRight";
				IPHONEOS_DEPLOYMENT_TARGET = 15.3;
				LD_RUNPATH_SEARCH_PATHS = (
					"$(inherited)",
					"@executable_path/Frameworks",
				);
				MARKETING_VERSION = 1.0;
				PRODUCT_BUNDLE_IDENTIFIER = "theo.unibuc.random-movie-picker";
				PRODUCT_NAME = "$(TARGET_NAME)";
				SWIFT_EMIT_LOC_STRINGS = YES;
				SWIFT_VERSION = 5.0;
				TARGETED_DEVICE_FAMILY = "1,2";
			};
			name = Debug;
		};
		B1917790280D6BA400C80EB1 /* Release */ = {
			isa = XCBuildConfiguration;
			buildSettings = {
				ASSETCATALOG_COMPILER_APPICON_NAME = AppIcon;
				ASSETCATALOG_COMPILER_GLOBAL_ACCENT_COLOR_NAME = AccentColor;
				CODE_SIGN_STYLE = Automatic;
				CURRENT_PROJECT_VERSION = 1;
				DEVELOPMENT_ASSET_PATHS = "\"random-movie-picker/Preview Content\"";
				DEVELOPMENT_TEAM = M2DZ9Z64N6;
				ENABLE_PREVIEWS = YES;
				GENERATE_INFOPLIST_FILE = YES;
				INFOPLIST_KEY_UIApplicationSceneManifest_Generation = YES;
				INFOPLIST_KEY_UIApplicationSupportsIndirectInputEvents = YES;
				INFOPLIST_KEY_UILaunchScreen_Generation = YES;
				INFOPLIST_KEY_UISupportedInterfaceOrientations_iPad = "UIInterfaceOrientationPortrait UIInterfaceOrientationPortraitUpsideDown UIInterfaceOrientationLandscapeLeft UIInterfaceOrientationLandscapeRight";
				INFOPLIST_KEY_UISupportedInterfaceOrientations_iPhone = "UIInterfaceOrientationPortrait UIInterfaceOrientationLandscapeLeft UIInterfaceOrientationLandscapeRight";
				IPHONEOS_DEPLOYMENT_TARGET = 15.3;
				LD_RUNPATH_SEARCH_PATHS = (
					"$(inherited)",
					"@executable_path/Frameworks",
				);
				MARKETING_VERSION = 1.0;
				PRODUCT_BUNDLE_IDENTIFIER = "theo.unibuc.random-movie-picker";
				PRODUCT_NAME = "$(TARGET_NAME)";
				SWIFT_EMIT_LOC_STRINGS = YES;
				SWIFT_VERSION = 5.0;
				TARGETED_DEVICE_FAMILY = "1,2";
			};
			name = Release;
		};
		B1917792280D6BA400C80EB1 /* Debug */ = {
			isa = XCBuildConfiguration;
			buildSettings = {
				ALWAYS_EMBED_SWIFT_STANDARD_LIBRARIES = YES;
				BUNDLE_LOADER = "$(TEST_HOST)";
				CODE_SIGN_STYLE = Automatic;
				CURRENT_PROJECT_VERSION = 1;
				DEVELOPMENT_TEAM = M2DZ9Z64N6;
				GENERATE_INFOPLIST_FILE = YES;
				IPHONEOS_DEPLOYMENT_TARGET = 15.3;
				MARKETING_VERSION = 1.0;
				PRODUCT_BUNDLE_IDENTIFIER = "theo.unibuc.random-movie-pickerTests";
				PRODUCT_NAME = "$(TARGET_NAME)";
				SWIFT_EMIT_LOC_STRINGS = NO;
				SWIFT_VERSION = 5.0;
				TARGETED_DEVICE_FAMILY = "1,2";
				TEST_HOST = "$(BUILT_PRODUCTS_DIR)/random-movie-picker.app/random-movie-picker";
			};
			name = Debug;
		};
		B1917793280D6BA400C80EB1 /* Release */ = {
			isa = XCBuildConfiguration;
			buildSettings = {
				ALWAYS_EMBED_SWIFT_STANDARD_LIBRARIES = YES;
				BUNDLE_LOADER = "$(TEST_HOST)";
				CODE_SIGN_STYLE = Automatic;
				CURRENT_PROJECT_VERSION = 1;
				DEVELOPMENT_TEAM = M2DZ9Z64N6;
				GENERATE_INFOPLIST_FILE = YES;
				IPHONEOS_DEPLOYMENT_TARGET = 15.3;
				MARKETING_VERSION = 1.0;
				PRODUCT_BUNDLE_IDENTIFIER = "theo.unibuc.random-movie-pickerTests";
				PRODUCT_NAME = "$(TARGET_NAME)";
				SWIFT_EMIT_LOC_STRINGS = NO;
				SWIFT_VERSION = 5.0;
				TARGETED_DEVICE_FAMILY = "1,2";
				TEST_HOST = "$(BUILT_PRODUCTS_DIR)/random-movie-picker.app/random-movie-picker";
			};
			name = Release;
		};
		B1917795280D6BA400C80EB1 /* Debug */ = {
			isa = XCBuildConfiguration;
			buildSettings = {
				ALWAYS_EMBED_SWIFT_STANDARD_LIBRARIES = YES;
				CODE_SIGN_STYLE = Automatic;
				CURRENT_PROJECT_VERSION = 1;
				GENERATE_INFOPLIST_FILE = YES;
				MARKETING_VERSION = 1.0;
				PRODUCT_BUNDLE_IDENTIFIER = "theo.unibuc.random-movie-pickerUITests";
				PRODUCT_NAME = "$(TARGET_NAME)";
				SWIFT_EMIT_LOC_STRINGS = NO;
				SWIFT_VERSION = 5.0;
				TARGETED_DEVICE_FAMILY = "1,2";
				TEST_TARGET_NAME = "random-movie-picker";
			};
			name = Debug;
		};
		B1917796280D6BA400C80EB1 /* Release */ = {
			isa = XCBuildConfiguration;
			buildSettings = {
				ALWAYS_EMBED_SWIFT_STANDARD_LIBRARIES = YES;
				CODE_SIGN_STYLE = Automatic;
				CURRENT_PROJECT_VERSION = 1;
				GENERATE_INFOPLIST_FILE = YES;
				MARKETING_VERSION = 1.0;
				PRODUCT_BUNDLE_IDENTIFIER = "theo.unibuc.random-movie-pickerUITests";
				PRODUCT_NAME = "$(TARGET_NAME)";
				SWIFT_EMIT_LOC_STRINGS = NO;
				SWIFT_VERSION = 5.0;
				TARGETED_DEVICE_FAMILY = "1,2";
				TEST_TARGET_NAME = "random-movie-picker";
			};
			name = Release;
		};
/* End XCBuildConfiguration section */

/* Begin XCConfigurationList section */
		B1917765280D6BA300C80EB1 /* Build configuration list for PBXProject "random-movie-picker" */ = {
			isa = XCConfigurationList;
			buildConfigurations = (
				B191778C280D6BA400C80EB1 /* Debug */,
				B191778D280D6BA400C80EB1 /* Release */,
			);
			defaultConfigurationIsVisible = 0;
			defaultConfigurationName = Release;
		};
		B191778E280D6BA400C80EB1 /* Build configuration list for PBXNativeTarget "random-movie-picker" */ = {
			isa = XCConfigurationList;
			buildConfigurations = (
				B191778F280D6BA400C80EB1 /* Debug */,
				B1917790280D6BA400C80EB1 /* Release */,
			);
			defaultConfigurationIsVisible = 0;
			defaultConfigurationName = Release;
		};
		B1917791280D6BA400C80EB1 /* Build configuration list for PBXNativeTarget "random-movie-pickerTests" */ = {
			isa = XCConfigurationList;
			buildConfigurations = (
				B1917792280D6BA400C80EB1 /* Debug */,
				B1917793280D6BA400C80EB1 /* Release */,
			);
			defaultConfigurationIsVisible = 0;
			defaultConfigurationName = Release;
		};
		B1917794280D6BA400C80EB1 /* Build configuration list for PBXNativeTarget "random-movie-pickerUITests" */ = {
			isa = XCConfigurationList;
			buildConfigurations = (
				B1917795280D6BA400C80EB1 /* Debug */,
				B1917796280D6BA400C80EB1 /* Release */,
			);
			defaultConfigurationIsVisible = 0;
			defaultConfigurationName = Release;
		};
/* End XCConfigurationList section */

/* Begin XCRemoteSwiftPackageReference section */
		B139658C280D7D4700606377 /* XCRemoteSwiftPackageReference "Alamofire" */ = {
			isa = XCRemoteSwiftPackageReference;
			repositoryURL = "https://github.com/Alamofire/Alamofire";
			requirement = {
				kind = upToNextMajorVersion;
				minimumVersion = 5.0.0;
			};
		};
/* End XCRemoteSwiftPackageReference section */

/* Begin XCSwiftPackageProductDependency section */
		B139658D280D7D4700606377 /* Alamofire */ = {
			isa = XCSwiftPackageProductDependency;
			package = B139658C280D7D4700606377 /* XCRemoteSwiftPackageReference "Alamofire" */;
			productName = Alamofire;
		};
/* End XCSwiftPackageProductDependency section */
	};
	rootObject = B1917762280D6BA300C80EB1 /* Project object */;
}
